Microsoft Visual Studio Solution File, Format Version 12.00
# Visual Studio 2012
Project("{FAE04EC0-301F-11D3-BF4B-00C04F79EFBC}") = "MintySpire2", "MintySpire2.csproj", "{904FF305-4465-4B85-A294-77DF4DDAD6A0}"
EndProject
Global
	GlobalSection(SolutionConfigurationPlatforms) = preSolution
	Debug|Any CPU = Debug|Any CPU
	ExportDebug|Any CPU = ExportDebug|Any CPU
	ExportRelease|Any CPU = ExportRelease|Any CPU
	EndGlobalSection
	GlobalSection(ProjectConfigurationPlatforms) = postSolution
		{904FF305-4465-4B85-A294-77DF4DDAD6A0}.Debug|Any CPU.ActiveCfg = Debug|Any CPU
		{904FF305-4465-4B85-A294-77DF4DDAD6A0}.Debug|Any CPU.Build.0 = Debug|Any CPU
		{904FF305-4465-4B85-A294-77DF4DDAD6A0}.ExportDebug|Any CPU.ActiveCfg = ExportDebug|Any CPU
		{904FF305-4465-4B85-A294-77DF4DDAD6A0}.ExportDebug|Any CPU.Build.0 = ExportDebug|Any CPU
		{904FF305-4465-4B85-A294-77DF4DDAD6A0}.ExportRelease|Any CPU.ActiveCfg = ExportRelease|Any CPU
		{904FF305-4465-4B85-A294-77DF4DDAD6A0}.ExportRelease|Any CPU.Build.0 = ExportRelease|Any CPU
	EndGlobalSection
EndGlobal
