
Microsoft Visual Studio Solution File, Format Version 12.00
Project("{FAE04EC0-301F-11D3-BF4B-00C04F79EFBC}") = "MintySpire2", "MintySpire2.csproj", "{DEC62D0F-9FE0-4274-96CE-58C093C60385}"
EndProject
Global
	GlobalSection(SolutionConfigurationPlatforms) = preSolution
		Debug|Any CPU = Debug|Any CPU
		ExportDebug|Any CPU = ExportDebug|Any CPU
		ExportRelease|Any CPU = ExportRelease|Any CPU
	EndGlobalSection
	GlobalSection(ProjectConfigurationPlatforms) = postSolution
		{DEC62D0F-9FE0-4274-96CE-58C093C60385}.Debug|Any CPU.ActiveCfg = Debug|Any CPU
		{DEC62D0F-9FE0-4274-96CE-58C093C60385}.Debug|Any CPU.Build.0 = Debug|Any CPU
		{DEC62D0F-9FE0-4274-96CE-58C093C60385}.ExportDebug|Any CPU.ActiveCfg = ExportDebug|Any CPU
		{DEC62D0F-9FE0-4274-96CE-58C093C60385}.ExportDebug|Any CPU.Build.0 = ExportDebug|Any CPU
		{DEC62D0F-9FE0-4274-96CE-58C093C60385}.ExportRelease|Any CPU.ActiveCfg = ExportRelease|Any CPU
		{DEC62D0F-9FE0-4274-96CE-58C093C60385}.ExportRelease|Any CPU.Build.0 = ExportRelease|Any CPU
	EndGlobalSection
EndGlobal
